
Microsoft Visual Studio Solution File, Format Version 12.00
# Visual Studio Version 17
VisualStudioVersion = 17.8.34511.84
MinimumVisualStudioVersion = 10.0.40219.1
Project("{FAE04EC0-301F-11D3-BF4B-00C04F79EFBC}") = "ExperianApp", "ExperianApp.csproj", "{8FC5AABC-AED9-4555-A850-881E790CC063}"
EndProject
Project("{FAE04EC0-301F-11D3-BF4B-00C04F79EFBC}") = "ExperianApp.Test", "..\ExperianApp.Test\ExperianApp.Test.csproj", "{41EA6DC0-D9FE-43A1-A1A5-45E9EA444D9D}"
EndProject
Global
	GlobalSection(SolutionConfigurationPlatforms) = preSolution
		Debug|Any CPU = Debug|Any CPU
		Release|Any CPU = Release|Any CPU
	EndGlobalSection
	GlobalSection(ProjectConfigurationPlatforms) = postSolution
		{8FC5AABC-AED9-4555-A850-881E790CC063}.Debug|Any CPU.ActiveCfg = Debug|Any CPU
		{8FC5AABC-AED9-4555-A850-881E790CC063}.Debug|Any CPU.Build.0 = Debug|Any CPU
		{8FC5AABC-AED9-4555-A850-881E790CC063}.Release|Any CPU.ActiveCfg = Release|Any CPU
		{8FC5AABC-AED9-4555-A850-881E790CC063}.Release|Any CPU.Build.0 = Release|Any CPU
		{41EA6DC0-D9FE-43A1-A1A5-45E9EA444D9D}.Debug|Any CPU.ActiveCfg = Debug|Any CPU
		{41EA6DC0-D9FE-43A1-A1A5-45E9EA444D9D}.Debug|Any CPU.Build.0 = Debug|Any CPU
		{41EA6DC0-D9FE-43A1-A1A5-45E9EA444D9D}.Release|Any CPU.ActiveCfg = Release|Any CPU
		{41EA6DC0-D9FE-43A1-A1A5-45E9EA444D9D}.Release|Any CPU.Build.0 = Release|Any CPU
	EndGlobalSection
	GlobalSection(SolutionProperties) = preSolution
		HideSolutionNode = FALSE
	EndGlobalSection
	GlobalSection(ExtensibilityGlobals) = postSolution
		SolutionGuid = {994B9372-43AE-4974-BF55-1F221360D458}
	EndGlobalSection
EndGlobal
